// !$*UTF8*$!
{
	archiveVersion = 1;
	classes = {
	};
	objectVersion = 50;
	objects = {

/* Begin PBXBuildFile section */
		18D0E44022FCA5BE00CBA2A1 /* AppDelegate.swift in Sources */ = {isa = PBXBuildFile; fileRef = 18D0E43F22FCA5BE00CBA2A1 /* AppDelegate.swift */; };
		18D0E44222FCA5BE00CBA2A1 /* ViewController.swift in Sources */ = {isa = PBXBuildFile; fileRef = 18D0E44122FCA5BE00CBA2A1 /* ViewController.swift */; };
		18D0E44522FCA5BE00CBA2A1 /* Main.storyboard in Resources */ = {isa = PBXBuildFile; fileRef = 18D0E44322FCA5BE00CBA2A1 /* Main.storyboard */; };
		18D0E44722FCA5BF00CBA2A1 /* Assets.xcassets in Resources */ = {isa = PBXBuildFile; fileRef = 18D0E44622FCA5BF00CBA2A1 /* Assets.xcassets */; };
		18D0E44A22FCA5BF00CBA2A1 /* LaunchScreen.storyboard in Resources */ = {isa = PBXBuildFile; fileRef = 18D0E44822FCA5BF00CBA2A1 /* LaunchScreen.storyboard */; };
		18D0E45522FCA5C000CBA2A1 /* Emojinal_AppTests.swift in Sources */ = {isa = PBXBuildFile; fileRef = 18D0E45422FCA5C000CBA2A1 /* Emojinal_AppTests.swift */; };
		18D0E46022FCA5C000CBA2A1 /* Emojinal_AppUITests.swift in Sources */ = {isa = PBXBuildFile; fileRef = 18D0E45F22FCA5C000CBA2A1 /* Emojinal_AppUITests.swift */; };
/* End PBXBuildFile section */

/* Begin PBXContainerItemProxy section */
		18D0E45122FCA5C000CBA2A1 /* PBXContainerItemProxy */ = {
			isa = PBXContainerItemProxy;
			containerPortal = 18D0E43422FCA5BE00CBA2A1 /* Project object */;
			proxyType = 1;
			remoteGlobalIDString = 18D0E43B22FCA5BE00CBA2A1;
			remoteInfo = "Emojinal App";
		};
		18D0E45C22FCA5C000CBA2A1 /* PBXContainerItemProxy */ = {
			isa = PBXContainerItemProxy;
			containerPortal = 18D0E43422FCA5BE00CBA2A1 /* Project object */;
			proxyType = 1;
			remoteGlobalIDString = 18D0E43B22FCA5BE00CBA2A1;
			remoteInfo = "Emojinal App";
		};
/* End PBXContainerItemProxy section */

/* Begin PBXFileReference section */
		18D0E43C22FCA5BE00CBA2A1 /* Emojinal App.app */ = {isa = PBXFileReference; explicitFileType = wrapper.application; includeInIndex = 0; path = "Emojinal App.app"; sourceTree = BUILT_PRODUCTS_DIR; };
		18D0E43F22FCA5BE00CBA2A1 /* AppDelegate.swift */ = {isa = PBXFileReference; lastKnownFileType = sourcecode.swift; path = AppDelegate.swift; sourceTree = "<group>"; };
		18D0E44122FCA5BE00CBA2A1 /* ViewController.swift */ = {isa = PBXFileReference; lastKnownFileType = sourcecode.swift; path = ViewController.swift; sourceTree = "<group>"; };
		18D0E44422FCA5BE00CBA2A1 /* Base */ = {isa = PBXFileReference; lastKnownFileType = file.storyboard; name = Base; path = Base.lproj/Main.storyboard; sourceTree = "<group>"; };
		18D0E44622FCA5BF00CBA2A1 /* Assets.xcassets */ = {isa = PBXFileReference; lastKnownFileType = folder.assetcatalog; path = Assets.xcassets; sourceTree = "<group>"; };
		18D0E44922FCA5BF00CBA2A1 /* Base */ = {isa = PBXFileReference; lastKnownFileType = file.storyboard; name = Base; path = Base.lproj/LaunchScreen.storyboard; sourceTree = "<group>"; };
		18D0E44B22FCA5BF00CBA2A1 /* Info.plist */ = {isa = PBXFileReference; lastKnownFileType = text.plist.xml; path = Info.plist; sourceTree = "<group>"; };
		18D0E45022FCA5C000CBA2A1 /* Emojinal AppTests.xctest */ = {isa = PBXFileReference; explicitFileType = wrapper.cfbundle; includeInIndex = 0; path = "Emojinal AppTests.xctest"; sourceTree = BUILT_PRODUCTS_DIR; };
		18D0E45422FCA5C000CBA2A1 /* Emojinal_AppTests.swift */ = {isa = PBXFileReference; lastKnownFileType = sourcecode.swift; path = Emojinal_AppTests.swift; sourceTree = "<group>"; };
		18D0E45622FCA5C000CBA2A1 /* Info.plist */ = {isa = PBXFileReference; lastKnownFileType = text.plist.xml; path = Info.plist; sourceTree = "<group>"; };
		18D0E45B22FCA5C000CBA2A1 /* Emojinal AppUITests.xctest */ = {isa = PBXFileReference; explicitFileType = wrapper.cfbundle; includeInIndex = 0; path = "Emojinal AppUITests.xctest"; sourceTree = BUILT_PRODUCTS_DIR; };
		18D0E45F22FCA5C000CBA2A1 /* Emojinal_AppUITests.swift */ = {isa = PBXFileReference; lastKnownFileType = sourcecode.swift; path = Emojinal_AppUITests.swift; sourceTree = "<group>"; };
		18D0E46122FCA5C000CBA2A1 /* Info.plist */ = {isa = PBXFileReference; lastKnownFileType = text.plist.xml; path = Info.plist; sourceTree = "<group>"; };
/* End PBXFileReference section */

/* Begin PBXFrameworksBuildPhase section */
		18D0E43922FCA5BE00CBA2A1 /* Frameworks */ = {
			isa = PBXFrameworksBuildPhase;
			buildActionMask = 2147483647;
			files = (
			);
			runOnlyForDeploymentPostprocessing = 0;
		};
		18D0E44D22FCA5C000CBA2A1 /* Frameworks */ = {
			isa = PBXFrameworksBuildPhase;
			buildActionMask = 2147483647;
			files = (
			);
			runOnlyForDeploymentPostprocessing = 0;
		};
		18D0E45822FCA5C000CBA2A1 /* Frameworks */ = {
			isa = PBXFrameworksBuildPhase;
			buildActionMask = 2147483647;
			files = (
			);
			runOnlyForDeploymentPostprocessing = 0;
		};
/* End PBXFrameworksBuildPhase section */

/* Begin PBXGroup section */
		18D0E43322FCA5BE00CBA2A1 = {
			isa = PBXGroup;
			children = (
				18D0E43E22FCA5BE00CBA2A1 /* Emojinal App */,
				18D0E45322FCA5C000CBA2A1 /* Emojinal AppTests */,
				18D0E45E22FCA5C000CBA2A1 /* Emojinal AppUITests */,
				18D0E43D22FCA5BE00CBA2A1 /* Products */,
			);
			sourceTree = "<group>";
		};
		18D0E43D22FCA5BE00CBA2A1 /* Products */ = {
			isa = PBXGroup;
			children = (
				18D0E43C22FCA5BE00CBA2A1 /* Emojinal App.app */,
				18D0E45022FCA5C000CBA2A1 /* Emojinal AppTests.xctest */,
				18D0E45B22FCA5C000CBA2A1 /* Emojinal AppUITests.xctest */,
			);
			name = Products;
			sourceTree = "<group>";
		};
		18D0E43E22FCA5BE00CBA2A1 /* Emojinal App */ = {
			isa = PBXGroup;
			children = (
				18D0E43F22FCA5BE00CBA2A1 /* AppDelegate.swift */,
				18D0E44122FCA5BE00CBA2A1 /* ViewController.swift */,
				18D0E44322FCA5BE00CBA2A1 /* Main.storyboard */,
				18D0E44622FCA5BF00CBA2A1 /* Assets.xcassets */,
				18D0E44822FCA5BF00CBA2A1 /* LaunchScreen.storyboard */,
				18D0E44B22FCA5BF00CBA2A1 /* Info.plist */,
			);
			path = "Emojinal App";
			sourceTree = "<group>";
		};
		18D0E45322FCA5C000CBA2A1 /* Emojinal AppTests */ = {
			isa = PBXGroup;
			children = (
				18D0E45422FCA5C000CBA2A1 /* Emojinal_AppTests.swift */,
				18D0E45622FCA5C000CBA2A1 /* Info.plist */,
			);
			path = "Emojinal AppTests";
			sourceTree = "<group>";
		};
		18D0E45E22FCA5C000CBA2A1 /* Emojinal AppUITests */ = {
			isa = PBXGroup;
			children = (
				18D0E45F22FCA5C000CBA2A1 /* Emojinal_AppUITests.swift */,
				18D0E46122FCA5C000CBA2A1 /* Info.plist */,
			);
			path = "Emojinal AppUITests";
			sourceTree = "<group>";
		};
/* End PBXGroup section */

/* Begin PBXNativeTarget section */
		18D0E43B22FCA5BE00CBA2A1 /* Emojinal App */ = {
			isa = PBXNativeTarget;
			buildConfigurationList = 18D0E46422FCA5C000CBA2A1 /* Build configuration list for PBXNativeTarget "Emojinal App" */;
			buildPhases = (
				18D0E43822FCA5BE00CBA2A1 /* Sources */,
				18D0E43922FCA5BE00CBA2A1 /* Frameworks */,
				18D0E43A22FCA5BE00CBA2A1 /* Resources */,
			);
			buildRules = (
			);
			dependencies = (
			);
			name = "Emojinal App";
			productName = "Emojinal App";
			productReference = 18D0E43C22FCA5BE00CBA2A1 /* Emojinal App.app */;
			productType = "com.apple.product-type.application";
		};
		18D0E44F22FCA5C000CBA2A1 /* Emojinal AppTests */ = {
			isa = PBXNativeTarget;
			buildConfigurationList = 18D0E46722FCA5C000CBA2A1 /* Build configuration list for PBXNativeTarget "Emojinal AppTests" */;
			buildPhases = (
				18D0E44C22FCA5C000CBA2A1 /* Sources */,
				18D0E44D22FCA5C000CBA2A1 /* Frameworks */,
				18D0E44E22FCA5C000CBA2A1 /* Resources */,
			);
			buildRules = (
			);
			dependencies = (
				18D0E45222FCA5C000CBA2A1 /* PBXTargetDependency */,
			);
			name = "Emojinal AppTests";
			productName = "Emojinal AppTests";
			productReference = 18D0E45022FCA5C000CBA2A1 /* Emojinal AppTests.xctest */;
			productType = "com.apple.product-type.bundle.unit-test";
		};
		18D0E45A22FCA5C000CBA2A1 /* Emojinal AppUITests */ = {
			isa = PBXNativeTarget;
			buildConfigurationList = 18D0E46A22FCA5C000CBA2A1 /* Build configuration list for PBXNativeTarget "Emojinal AppUITests" */;
			buildPhases = (
				18D0E45722FCA5C000CBA2A1 /* Sources */,
				18D0E45822FCA5C000CBA2A1 /* Frameworks */,
				18D0E45922FCA5C000CBA2A1 /* Resources */,
			);
			buildRules = (
			);
			dependencies = (
				18D0E45D22FCA5C000CBA2A1 /* PBXTargetDependency */,
			);
			name = "Emojinal AppUITests";
			productName = "Emojinal AppUITests";
			productReference = 18D0E45B22FCA5C000CBA2A1 /* Emojinal AppUITests.xctest */;
			productType = "com.apple.product-type.bundle.ui-testing";
		};
/* End PBXNativeTarget section */

/* Begin PBXProject section */
		18D0E43422FCA5BE00CBA2A1 /* Project object */ = {
			isa = PBXProject;
			attributes = {
				LastSwiftUpdateCheck = 1020;
				LastUpgradeCheck = 1020;
				ORGANIZATIONNAME = KWK;
				TargetAttributes = {
					18D0E43B22FCA5BE00CBA2A1 = {
						CreatedOnToolsVersion = 10.2.1;
					};
					18D0E44F22FCA5C000CBA2A1 = {
						CreatedOnToolsVersion = 10.2.1;
						TestTargetID = 18D0E43B22FCA5BE00CBA2A1;
					};
					18D0E45A22FCA5C000CBA2A1 = {
						CreatedOnToolsVersion = 10.2.1;
						TestTargetID = 18D0E43B22FCA5BE00CBA2A1;
					};
				};
			};
			buildConfigurationList = 18D0E43722FCA5BE00CBA2A1 /* Build configuration list for PBXProject "Emojinal App" */;
			compatibilityVersion = "Xcode 9.3";
			developmentRegion = en;
			hasScannedForEncodings = 0;
			knownRegions = (
				en,
				Base,
			);
			mainGroup = 18D0E43322FCA5BE00CBA2A1;
			productRefGroup = 18D0E43D22FCA5BE00CBA2A1 /* Products */;
			projectDirPath = "";
			projectRoot = "";
			targets = (
				18D0E43B22FCA5BE00CBA2A1 /* Emojinal App */,
				18D0E44F22FCA5C000CBA2A1 /* Emojinal AppTests */,
				18D0E45A22FCA5C000CBA2A1 /* Emojinal AppUITests */,
			);
		};
/* End PBXProject section */

/* Begin PBXResourcesBuildPhase section */
		18D0E43A22FCA5BE00CBA2A1 /* Resources */ = {
			isa = PBXResourcesBuildPhase;
			buildActionMask = 2147483647;
			files = (
				18D0E44A22FCA5BF00CBA2A1 /* LaunchScreen.storyboard in Resources */,
				18D0E44722FCA5BF00CBA2A1 /* Assets.xcassets in Resources */,
				18D0E44522FCA5BE00CBA2A1 /* Main.storyboard in Resources */,
			);
			runOnlyForDeploymentPostprocessing = 0;
		};
		18D0E44E22FCA5C000CBA2A1 /* Resources */ = {
			isa = PBXResourcesBuildPhase;
			buildActionMask = 2147483647;
			files = (
			);
			runOnlyForDeploymentPostprocessing = 0;
		};
		18D0E45922FCA5C000CBA2A1 /* Resources */ = {
			isa = PBXResourcesBuildPhase;
			buildActionMask = 2147483647;
			files = (
			);
			runOnlyForDeploymentPostprocessing = 0;
		};
/* End PBXResourcesBuildPhase section */

/* Begin PBXSourcesBuildPhase section */
		18D0E43822FCA5BE00CBA2A1 /* Sources */ = {
			isa = PBXSourcesBuildPhase;
			buildActionMask = 2147483647;
			files = (
				18D0E44222FCA5BE00CBA2A1 /* ViewController.swift in Sources */,
				18D0E44022FCA5BE00CBA2A1 /* AppDelegate.swift in Sources */,
			);
			runOnlyForDeploymentPostprocessing = 0;
		};
		18D0E44C22FCA5C000CBA2A1 /* Sources */ = {
			isa = PBXSourcesBuildPhase;
			buildActionMask = 2147483647;
			files = (
				18D0E45522FCA5C000CBA2A1 /* Emojinal_AppTests.swift in Sources */,
			);
			runOnlyForDeploymentPostprocessing = 0;
		};
		18D0E45722FCA5C000CBA2A1 /* Sources */ = {
			isa = PBXSourcesBuildPhase;
			buildActionMask = 2147483647;
			files = (
				18D0E46022FCA5C000CBA2A1 /* Emojinal_AppUITests.swift in Sources */,
			);
			runOnlyForDeploymentPostprocessing = 0;
		};
/* End PBXSourcesBuildPhase section */

/* Begin PBXTargetDependency section */
		18D0E45222FCA5C000CBA2A1 /* PBXTargetDependency */ = {
			isa = PBXTargetDependency;
			target = 18D0E43B22FCA5BE00CBA2A1 /* Emojinal App */;
			targetProxy = 18D0E45122FCA5C000CBA2A1 /* PBXContainerItemProxy */;
		};
		18D0E45D22FCA5C000CBA2A1 /* PBXTargetDependency */ = {
			isa = PBXTargetDependency;
			target = 18D0E43B22FCA5BE00CBA2A1 /* Emojinal App */;
			targetProxy = 18D0E45C22FCA5C000CBA2A1 /* PBXContainerItemProxy */;
		};
/* End PBXTargetDependency section */

/* Begin PBXVariantGroup section */
		18D0E44322FCA5BE00CBA2A1 /* Main.storyboard */ = {
			isa = PBXVariantGroup;
			children = (
				18D0E44422FCA5BE00CBA2A1 /* Base */,
			);
			name = Main.storyboard;
			sourceTree = "<group>";
		};
		18D0E44822FCA5BF00CBA2A1 /* LaunchScreen.storyboard */ = {
			isa = PBXVariantGroup;
			children = (
				18D0E44922FCA5BF00CBA2A1 /* Base */,
			);
			name = LaunchScreen.storyboard;
			sourceTree = "<group>";
		};
/* End PBXVariantGroup section */

/* Begin XCBuildConfiguration section */
		18D0E46222FCA5C000CBA2A1 /* Debug */ = {
			isa = XCBuildConfiguration;
			buildSettings = {
				ALWAYS_SEARCH_USER_PATHS = NO;
				CLANG_ANALYZER_NONNULL = YES;
				CLANG_ANALYZER_NUMBER_OBJECT_CONVERSION = YES_AGGRESSIVE;
				CLANG_CXX_LANGUAGE_STANDARD = "gnu++14";
				CLANG_CXX_LIBRARY = "libc++";
				CLANG_ENABLE_MODULES = YES;
				CLANG_ENABLE_OBJC_ARC = YES;
				CLANG_ENABLE_OBJC_WEAK = YES;
				CLANG_WARN_BLOCK_CAPTURE_AUTORELEASING = YES;
				CLANG_WARN_BOOL_CONVERSION = YES;
				CLANG_WARN_COMMA = YES;
				CLANG_WARN_CONSTANT_CONVERSION = YES;
				CLANG_WARN_DEPRECATED_OBJC_IMPLEMENTATIONS = YES;
				CLANG_WARN_DIRECT_OBJC_ISA_USAGE = YES_ERROR;
				CLANG_WARN_DOCUMENTATION_COMMENTS = YES;
				CLANG_WARN_EMPTY_BODY = YES;
				CLANG_WARN_ENUM_CONVERSION = YES;
				CLANG_WARN_INFINITE_RECURSION = YES;
				CLANG_WARN_INT_CONVERSION = YES;
				CLANG_WARN_NON_LITERAL_NULL_CONVERSION = YES;
				CLANG_WARN_OBJC_IMPLICIT_RETAIN_SELF = YES;
				CLANG_WARN_OBJC_LITERAL_CONVERSION = YES;
				CLANG_WARN_OBJC_ROOT_CLASS = YES_ERROR;
				CLANG_WARN_RANGE_LOOP_ANALYSIS = YES;
				CLANG_WARN_STRICT_PROTOTYPES = YES;
				CLANG_WARN_SUSPICIOUS_MOVE = YES;
				CLANG_WARN_UNGUARDED_AVAILABILITY = YES_AGGRESSIVE;
				CLANG_WARN_UNREACHABLE_CODE = YES;
				CLANG_WARN__DUPLICATE_METHOD_MATCH = YES;
				CODE_SIGN_IDENTITY = "iPhone Developer";
				COPY_PHASE_STRIP = NO;
				DEBUG_INFORMATION_FORMAT = dwarf;
				ENABLE_STRICT_OBJC_MSGSEND = YES;
				ENABLE_TESTABILITY = YES;
				GCC_C_LANGUAGE_STANDARD = gnu11;
				GCC_DYNAMIC_NO_PIC = NO;
				GCC_NO_COMMON_BLOCKS = YES;
				GCC_OPTIMIZATION_LEVEL = 0;
				GCC_PREPROCESSOR_DEFINITIONS = (
					"DEBUG=1",
					"$(inherited)",
				);
				GCC_WARN_64_TO_32_BIT_CONVERSION = YES;
				GCC_WARN_ABOUT_RETURN_TYPE = YES_ERROR;
				GCC_WARN_UNDECLARED_SELECTOR = YES;
				GCC_WARN_UNINITIALIZED_AUTOS = YES_AGGRESSIVE;
				GCC_WARN_UNUSED_FUNCTION = YES;
				GCC_WARN_UNUSED_VARIABLE = YES;
				IPHONEOS_DEPLOYMENT_TARGET = 12.2;
				MTL_ENABLE_DEBUG_INFO = INCLUDE_SOURCE;
				MTL_FAST_MATH = YES;
				ONLY_ACTIVE_ARCH = YES;
				SDKROOT = iphoneos;
				SWIFT_ACTIVE_COMPILATION_CONDITIONS = DEBUG;
				SWIFT_OPTIMIZATION_LEVEL = "-Onone";
			};
			name = Debug;
		};
		18D0E46322FCA5C000CBA2A1 /* Release */ = {
			isa = XCBuildConfiguration;
			buildSettings = {
				ALWAYS_SEARCH_USER_PATHS = NO;
				CLANG_ANALYZER_NONNULL = YES;
				CLANG_ANALYZER_NUMBER_OBJECT_CONVERSION = YES_AGGRESSIVE;
				CLANG_CXX_LANGUAGE_STANDARD = "gnu++14";
				CLANG_CXX_LIBRARY = "libc++";
				CLANG_ENABLE_MODULES = YES;
				CLANG_ENABLE_OBJC_ARC = YES;
				CLANG_ENABLE_OBJC_WEAK = YES;
				CLANG_WARN_BLOCK_CAPTURE_AUTORELEASING = YES;
				CLANG_WARN_BOOL_CONVERSION = YES;
				CLANG_WARN_COMMA = YES;
				CLANG_WARN_CONSTANT_CONVERSION = YES;
				CLANG_WARN_DEPRECATED_OBJC_IMPLEMENTATIONS = YES;
				CLANG_WARN_DIRECT_OBJC_ISA_USAGE = YES_ERROR;
				CLANG_WARN_DOCUMENTATION_COMMENTS = YES;
				CLANG_WARN_EMPTY_BODY = YES;
				CLANG_WARN_ENUM_CONVERSION = YES;
				CLANG_WARN_INFINITE_RECURSION = YES;
				CLANG_WARN_INT_CONVERSION = YES;
				CLANG_WARN_NON_LITERAL_NULL_CONVERSION = YES;
				CLANG_WARN_OBJC_IMPLICIT_RETAIN_SELF = YES;
				CLANG_WARN_OBJC_LITERAL_CONVERSION = YES;
				CLANG_WARN_OBJC_ROOT_CLASS = YES_ERROR;
				CLANG_WARN_RANGE_LOOP_ANALYSIS = YES;
				CLANG_WARN_STRICT_PROTOTYPES = YES;
				CLANG_WARN_SUSPICIOUS_MOVE = YES;
				CLANG_WARN_UNGUARDED_AVAILABILITY = YES_AGGRESSIVE;
				CLANG_WARN_UNREACHABLE_CODE = YES;
				CLANG_WARN__DUPLICATE_METHOD_MATCH = YES;
				CODE_SIGN_IDENTITY = "iPhone Developer";
				COPY_PHASE_STRIP = NO;
				DEBUG_INFORMATION_FORMAT = "dwarf-with-dsym";
				ENABLE_NS_ASSERTIONS = NO;
				ENABLE_STRICT_OBJC_MSGSEND = YES;
				GCC_C_LANGUAGE_STANDARD = gnu11;
				GCC_NO_COMMON_BLOCKS = YES;
				GCC_WARN_64_TO_32_BIT_CONVERSION = YES;
				GCC_WARN_ABOUT_RETURN_TYPE = YES_ERROR;
				GCC_WARN_UNDECLARED_SELECTOR = YES;
				GCC_WARN_UNINITIALIZED_AUTOS = YES_AGGRESSIVE;
				GCC_WARN_UNUSED_FUNCTION = YES;
				GCC_WARN_UNUSED_VARIABLE = YES;
				IPHONEOS_DEPLOYMENT_TARGET = 12.2;
				MTL_ENABLE_DEBUG_INFO = NO;
				MTL_FAST_MATH = YES;
				SDKROOT = iphoneos;
				SWIFT_COMPILATION_MODE = wholemodule;
				SWIFT_OPTIMIZATION_LEVEL = "-O";
				VALIDATE_PRODUCT = YES;
			};
			name = Release;
		};
		18D0E46522FCA5C000CBA2A1 /* Debug */ = {
			isa = XCBuildConfiguration;
			buildSettings = {
				ASSETCATALOG_COMPILER_APPICON_NAME = AppIcon;
				CODE_SIGN_STYLE = Automatic;
				INFOPLIST_FILE = "Emojinal App/Info.plist";
				LD_RUNPATH_SEARCH_PATHS = (
					"$(inherited)",
					"@executable_path/Frameworks",
				);
				PRODUCT_BUNDLE_IDENTIFIER = "Zena.Emojinal-App";
				PRODUCT_NAME = "$(TARGET_NAME)";
				SWIFT_VERSION = 5.0;
				TARGETED_DEVICE_FAMILY = "1,2";
			};
			name = Debug;
		};
		18D0E46622FCA5C000CBA2A1 /* Release */ = {
			isa = XCBuildConfiguration;
			buildSettings = {
				ASSETCATALOG_COMPILER_APPICON_NAME = AppIcon;
				CODE_SIGN_STYLE = Automatic;
				INFOPLIST_FILE = "Emojinal App/Info.plist";
				LD_RUNPATH_SEARCH_PATHS = (
					"$(inherited)",
					"@executable_path/Frameworks",
				);
				PRODUCT_BUNDLE_IDENTIFIER = "Zena.Emojinal-App";
				PRODUCT_NAME = "$(TARGET_NAME)";
				SWIFT_VERSION = 5.0;
				TARGETED_DEVICE_FAMILY = "1,2";
			};
			name = Release;
		};
		18D0E46822FCA5C000CBA2A1 /* Debug */ = {
			isa = XCBuildConfiguration;
			buildSettings = {
				ALWAYS_EMBED_SWIFT_STANDARD_LIBRARIES = YES;
				BUNDLE_LOADER = "$(TEST_HOST)";
				CODE_SIGN_STYLE = Automatic;
				INFOPLIST_FILE = "Emojinal AppTests/Info.plist";
				LD_RUNPATH_SEARCH_PATHS = (
					"$(inherited)",
					"@executable_path/Frameworks",
					"@loader_path/Frameworks",
				);
				PRODUCT_BUNDLE_IDENTIFIER = "Zena.Emojinal-AppTests";
				PRODUCT_NAME = "$(TARGET_NAME)";
				SWIFT_VERSION = 5.0;
				TARGETED_DEVICE_FAMILY = "1,2";
				TEST_HOST = "$(BUILT_PRODUCTS_DIR)/Emojinal App.app/Emojinal App";
			};
			name = Debug;
		};
		18D0E46922FCA5C000CBA2A1 /* Release */ = {
			isa = XCBuildConfiguration;
			buildSettings = {
				ALWAYS_EMBED_SWIFT_STANDARD_LIBRARIES = YES;
				BUNDLE_LOADER = "$(TEST_HOST)";
				CODE_SIGN_STYLE = Automatic;
				INFOPLIST_FILE = "Emojinal AppTests/Info.plist";
				LD_RUNPATH_SEARCH_PATHS = (
					"$(inherited)",
					"@executable_path/Frameworks",
					"@loader_path/Frameworks",
				);
				PRODUCT_BUNDLE_IDENTIFIER = "Zena.Emojinal-AppTests";
				PRODUCT_NAME = "$(TARGET_NAME)";
				SWIFT_VERSION = 5.0;
				TARGETED_DEVICE_FAMILY = "1,2";
				TEST_HOST = "$(BUILT_PRODUCTS_DIR)/Emojinal App.app/Emojinal App";
			};
			name = Release;
		};
		18D0E46B22FCA5C000CBA2A1 /* Debug */ = {
			isa = XCBuildConfiguration;
			buildSettings = {
				ALWAYS_EMBED_SWIFT_STANDARD_LIBRARIES = YES;
				CODE_SIGN_STYLE = Automatic;
				INFOPLIST_FILE = "Emojinal AppUITests/Info.plist";
				LD_RUNPATH_SEARCH_PATHS = (
					"$(inherited)",
					"@executable_path/Frameworks",
					"@loader_path/Frameworks",
				);
				PRODUCT_BUNDLE_IDENTIFIER = "Zena.Emojinal-AppUITests";
				PRODUCT_NAME = "$(TARGET_NAME)";
				SWIFT_VERSION = 5.0;
				TARGETED_DEVICE_FAMILY = "1,2";
				TEST_TARGET_NAME = "Emojinal App";
			};
			name = Debug;
		};
		18D0E46C22FCA5C000CBA2A1 /* Release */ = {
			isa = XCBuildConfiguration;
			buildSettings = {
				ALWAYS_EMBED_SWIFT_STANDARD_LIBRARIES = YES;
				CODE_SIGN_STYLE = Automatic;
				INFOPLIST_FILE = "Emojinal AppUITests/Info.plist";
				LD_RUNPATH_SEARCH_PATHS = (
					"$(inherited)",
					"@executable_path/Frameworks",
					"@loader_path/Frameworks",
				);
				PRODUCT_BUNDLE_IDENTIFIER = "Zena.Emojinal-AppUITests";
				PRODUCT_NAME = "$(TARGET_NAME)";
				SWIFT_VERSION = 5.0;
				TARGETED_DEVICE_FAMILY = "1,2";
				TEST_TARGET_NAME = "Emojinal App";
			};
			name = Release;
		};
/* End XCBuildConfiguration section */

/* Begin XCConfigurationList section */
		18D0E43722FCA5BE00CBA2A1 /* Build configuration list for PBXProject "Emojinal App" */ = {
			isa = XCConfigurationList;
			buildConfigurations = (
				18D0E46222FCA5C000CBA2A1 /* Debug */,
				18D0E46322FCA5C000CBA2A1 /* Release */,
			);
			defaultConfigurationIsVisible = 0;
			defaultConfigurationName = Release;
		};
		18D0E46422FCA5C000CBA2A1 /* Build configuration list for PBXNativeTarget "Emojinal App" */ = {
			isa = XCConfigurationList;
			buildConfigurations = (
				18D0E46522FCA5C000CBA2A1 /* Debug */,
				18D0E46622FCA5C000CBA2A1 /* Release */,
			);
			defaultConfigurationIsVisible = 0;
			defaultConfigurationName = Release;
		};
		18D0E46722FCA5C000CBA2A1 /* Build configuration list for PBXNativeTarget "Emojinal AppTests" */ = {
			isa = XCConfigurationList;
			buildConfigurations = (
				18D0E46822FCA5C000CBA2A1 /* Debug */,
				18D0E46922FCA5C000CBA2A1 /* Release */,
			);
			defaultConfigurationIsVisible = 0;
			defaultConfigurationName = Release;
		};
		18D0E46A22FCA5C000CBA2A1 /* Build configuration list for PBXNativeTarget "Emojinal AppUITests" */ = {
			isa = XCConfigurationList;
			buildConfigurations = (
				18D0E46B22FCA5C000CBA2A1 /* Debug */,
				18D0E46C22FCA5C000CBA2A1 /* Release */,
			);
			defaultConfigurationIsVisible = 0;
			defaultConfigurationName = Release;
		};
/* End XCConfigurationList section */
	};
	rootObject = 18D0E43422FCA5BE00CBA2A1 /* Project object */;
}
